{
  "version": 1,
  "targets": {
    "redis://localhost:6379/0": {
      "scheme": "redis",
      "entries": [
        {
          "nodeid": "test_read.py::test_read_alpha_only",
          "key": "alpha",
          "recorder": "pkl"
        },
        {
          "nodeid": "test_write.py::test_write_alpha",
          "key": "alpha",
          "recorder": "pkl"
        },
        {
          "nodeid": "test_write.py::test_write_beta",
          "key": "beta",
          "recorder": "pkl"
        }
      ]
    }
  }
}